// !$*UTF8*$!
{
	archiveVersion = 1;
	classes = {
	};
	objectVersion = 55;
	objects = {

/* Begin PBXBuildFile section */
		9A06AC39273B4A5A00F9A0CE /* boxicons.ttf in Resources */ = {isa = PBXBuildFile; fileRef = 9A06AC38273B4A5A00F9A0CE /* boxicons.ttf */; };
		9A06AC3D273B4EC700F9A0CE /* BoxIcons.swift in Sources */ = {isa = PBXBuildFile; fileRef = 9A06AC3C273B4EC700F9A0CE /* BoxIcons.swift */; };
		9A06AC43273B568F00F9A0CE /* Font.swift in Sources */ = {isa = PBXBuildFile; fileRef = 9A06AC42273B568F00F9A0CE /* Font.swift */; };
		9A06AC68273B57CD00F9A0CE /* OpenSans-SemiBoldItalic.ttf in Resources */ = {isa = PBXBuildFile; fileRef = 9A06AC5C273B57CC00F9A0CE /* OpenSans-SemiBoldItalic.ttf */; };
		9A06AC69273B57CD00F9A0CE /* OpenSans-Light.ttf in Resources */ = {isa = PBXBuildFile; fileRef = 9A06AC5D273B57CD00F9A0CE /* OpenSans-Light.ttf */; };
		9A06AC6A273B57CD00F9A0CE /* OpenSans-Bold.ttf in Resources */ = {isa = PBXBuildFile; fileRef = 9A06AC5E273B57CD00F9A0CE /* OpenSans-Bold.ttf */; };
		9A06AC6B273B57CD00F9A0CE /* OpenSans-Medium.ttf in Resources */ = {isa = PBXBuildFile; fileRef = 9A06AC5F273B57CD00F9A0CE /* OpenSans-Medium.ttf */; };
		9A06AC6C273B57CD00F9A0CE /* OpenSans-SemiBold.ttf in Resources */ = {isa = PBXBuildFile; fileRef = 9A06AC60273B57CD00F9A0CE /* OpenSans-SemiBold.ttf */; };
		9A06AC6D273B57CD00F9A0CE /* OpenSans-LightItalic.ttf in Resources */ = {isa = PBXBuildFile; fileRef = 9A06AC61273B57CD00F9A0CE /* OpenSans-LightItalic.ttf */; };
		9A06AC6E273B57CD00F9A0CE /* OpenSans-ExtraBoldItalic.ttf in Resources */ = {isa = PBXBuildFile; fileRef = 9A06AC62273B57CD00F9A0CE /* OpenSans-ExtraBoldItalic.ttf */; };
		9A06AC6F273B57CD00F9A0CE /* OpenSans-MediumItalic.ttf in Resources */ = {isa = PBXBuildFile; fileRef = 9A06AC63273B57CD00F9A0CE /* OpenSans-MediumItalic.ttf */; };
		9A06AC70273B57CD00F9A0CE /* OpenSans-ExtraBold.ttf in Resources */ = {isa = PBXBuildFile; fileRef = 9A06AC64273B57CD00F9A0CE /* OpenSans-ExtraBold.ttf */; };
		9A06AC71273B57CD00F9A0CE /* OpenSans-Italic.ttf in Resources */ = {isa = PBXBuildFile; fileRef = 9A06AC65273B57CD00F9A0CE /* OpenSans-Italic.ttf */; };
		9A06AC72273B57CD00F9A0CE /* OpenSans-BoldItalic.ttf in Resources */ = {isa = PBXBuildFile; fileRef = 9A06AC66273B57CD00F9A0CE /* OpenSans-BoldItalic.ttf */; };
		9A06AC73273B57CD00F9A0CE /* OpenSans-Regular.ttf in Resources */ = {isa = PBXBuildFile; fileRef = 9A06AC67273B57CD00F9A0CE /* OpenSans-Regular.ttf */; };
		9ADA0D4F273A0F840014762C /* iSpaceApp.swift in Sources */ = {isa = PBXBuildFile; fileRef = 9ADA0D4E273A0F840014762C /* iSpaceApp.swift */; };
		9ADA0D51273A0F840014762C /* ContentView.swift in Sources */ = {isa = PBXBuildFile; fileRef = 9ADA0D50273A0F840014762C /* ContentView.swift */; };
		9ADA0D53273A0F870014762C /* Assets.xcassets in Resources */ = {isa = PBXBuildFile; fileRef = 9ADA0D52273A0F870014762C /* Assets.xcassets */; };
		9ADA0D56273A0F870014762C /* Preview Assets.xcassets in Resources */ = {isa = PBXBuildFile; fileRef = 9ADA0D55273A0F870014762C /* Preview Assets.xcassets */; };
/* End PBXBuildFile section */

/* Begin PBXFileReference section */
		9A06AC35273B4A1F00F9A0CE /* Info.plist */ = {isa = PBXFileReference; lastKnownFileType = text.plist; path = Info.plist; sourceTree = "<group>"; };
		9A06AC38273B4A5A00F9A0CE /* boxicons.ttf */ = {isa = PBXFileReference; lastKnownFileType = file; path = boxicons.ttf; sourceTree = "<group>"; };
		9A06AC3C273B4EC700F9A0CE /* BoxIcons.swift */ = {isa = PBXFileReference; lastKnownFileType = sourcecode.swift; path = BoxIcons.swift; sourceTree = "<group>"; };
		9A06AC42273B568F00F9A0CE /* Font.swift */ = {isa = PBXFileReference; lastKnownFileType = sourcecode.swift; path = Font.swift; sourceTree = "<group>"; };
		9A06AC5C273B57CC00F9A0CE /* OpenSans-SemiBoldItalic.ttf */ = {isa = PBXFileReference; lastKnownFileType = file; path = "OpenSans-SemiBoldItalic.ttf"; sourceTree = "<group>"; };
		9A06AC5D273B57CD00F9A0CE /* OpenSans-Light.ttf */ = {isa = PBXFileReference; lastKnownFileType = file; path = "OpenSans-Light.ttf"; sourceTree = "<group>"; };
		9A06AC5E273B57CD00F9A0CE /* OpenSans-Bold.ttf */ = {isa = PBXFileReference; lastKnownFileType = file; path = "OpenSans-Bold.ttf"; sourceTree = "<group>"; };
		9A06AC5F273B57CD00F9A0CE /* OpenSans-Medium.ttf */ = {isa = PBXFileReference; lastKnownFileType = file; path = "OpenSans-Medium.ttf"; sourceTree = "<group>"; };
		9A06AC60273B57CD00F9A0CE /* OpenSans-SemiBold.ttf */ = {isa = PBXFileReference; lastKnownFileType = file; path = "OpenSans-SemiBold.ttf"; sourceTree = "<group>"; };
		9A06AC61273B57CD00F9A0CE /* OpenSans-LightItalic.ttf */ = {isa = PBXFileReference; lastKnownFileType = file; path = "OpenSans-LightItalic.ttf"; sourceTree = "<group>"; };
		9A06AC62273B57CD00F9A0CE /* OpenSans-ExtraBoldItalic.ttf */ = {isa = PBXFileReference; lastKnownFileType = file; path = "OpenSans-ExtraBoldItalic.ttf"; sourceTree = "<group>"; };
		9A06AC63273B57CD00F9A0CE /* OpenSans-MediumItalic.ttf */ = {isa = PBXFileReference; lastKnownFileType = file; path = "OpenSans-MediumItalic.ttf"; sourceTree = "<group>"; };
		9A06AC64273B57CD00F9A0CE /* OpenSans-ExtraBold.ttf */ = {isa = PBXFileReference; lastKnownFileType = file; path = "OpenSans-ExtraBold.ttf"; sourceTree = "<group>"; };
		9A06AC65273B57CD00F9A0CE /* OpenSans-Italic.ttf */ = {isa = PBXFileReference; lastKnownFileType = file; path = "OpenSans-Italic.ttf"; sourceTree = "<group>"; };
		9A06AC66273B57CD00F9A0CE /* OpenSans-BoldItalic.ttf */ = {isa = PBXFileReference; lastKnownFileType = file; path = "OpenSans-BoldItalic.ttf"; sourceTree = "<group>"; };
		9A06AC67273B57CD00F9A0CE /* OpenSans-Regular.ttf */ = {isa = PBXFileReference; lastKnownFileType = file; path = "OpenSans-Regular.ttf"; sourceTree = "<group>"; };
		9ADA0D4B273A0F840014762C /* iSpace.app */ = {isa = PBXFileReference; explicitFileType = wrapper.application; includeInIndex = 0; path = iSpace.app; sourceTree = BUILT_PRODUCTS_DIR; };
		9ADA0D4E273A0F840014762C /* iSpaceApp.swift */ = {isa = PBXFileReference; lastKnownFileType = sourcecode.swift; path = iSpaceApp.swift; sourceTree = "<group>"; };
		9ADA0D50273A0F840014762C /* ContentView.swift */ = {isa = PBXFileReference; lastKnownFileType = sourcecode.swift; path = ContentView.swift; sourceTree = "<group>"; };
		9ADA0D52273A0F870014762C /* Assets.xcassets */ = {isa = PBXFileReference; lastKnownFileType = folder.assetcatalog; path = Assets.xcassets; sourceTree = "<group>"; };
		9ADA0D55273A0F870014762C /* Preview Assets.xcassets */ = {isa = PBXFileReference; lastKnownFileType = folder.assetcatalog; path = "Preview Assets.xcassets"; sourceTree = "<group>"; };
/* End PBXFileReference section */

/* Begin PBXFrameworksBuildPhase section */
		9ADA0D48273A0F830014762C /* Frameworks */ = {
			isa = PBXFrameworksBuildPhase;
			buildActionMask = 2147483647;
			files = (
			);
			runOnlyForDeploymentPostprocessing = 0;
		};
/* End PBXFrameworksBuildPhase section */

/* Begin PBXGroup section */
		9A06AC36273B4A3400F9A0CE /* assets */ = {
			isa = PBXGroup;
			children = (
				9A06AC37273B4A4600F9A0CE /* fonts */,
			);
			path = assets;
			sourceTree = "<group>";
		};
		9A06AC37273B4A4600F9A0CE /* fonts */ = {
			isa = PBXGroup;
			children = (
				9A06AC3E273B541900F9A0CE /* OpenSans */,
				9A06AC38273B4A5A00F9A0CE /* boxicons.ttf */,
			);
			path = fonts;
			sourceTree = "<group>";
		};
		9A06AC3A273B4EA200F9A0CE /* modules */ = {
			isa = PBXGroup;
			children = (
			);
			path = modules;
			sourceTree = "<group>";
		};
		9A06AC3B273B4EA900F9A0CE /* constants */ = {
			isa = PBXGroup;
			children = (
				9A06AC3C273B4EC700F9A0CE /* BoxIcons.swift */,
			);
			path = constants;
			sourceTree = "<group>";
		};
		9A06AC3E273B541900F9A0CE /* OpenSans */ = {
			isa = PBXGroup;
			children = (
				9A06AC5E273B57CD00F9A0CE /* OpenSans-Bold.ttf */,
				9A06AC66273B57CD00F9A0CE /* OpenSans-BoldItalic.ttf */,
				9A06AC64273B57CD00F9A0CE /* OpenSans-ExtraBold.ttf */,
				9A06AC62273B57CD00F9A0CE /* OpenSans-ExtraBoldItalic.ttf */,
				9A06AC65273B57CD00F9A0CE /* OpenSans-Italic.ttf */,
				9A06AC5D273B57CD00F9A0CE /* OpenSans-Light.ttf */,
				9A06AC61273B57CD00F9A0CE /* OpenSans-LightItalic.ttf */,
				9A06AC5F273B57CD00F9A0CE /* OpenSans-Medium.ttf */,
				9A06AC63273B57CD00F9A0CE /* OpenSans-MediumItalic.ttf */,
				9A06AC67273B57CD00F9A0CE /* OpenSans-Regular.ttf */,
				9A06AC60273B57CD00F9A0CE /* OpenSans-SemiBold.ttf */,
				9A06AC5C273B57CC00F9A0CE /* OpenSans-SemiBoldItalic.ttf */,
			);
			path = OpenSans;
			sourceTree = "<group>";
		};
		9A06AC3F273B560B00F9A0CE /* extensions */ = {
			isa = PBXGroup;
			children = (
				9A06AC42273B568F00F9A0CE /* Font.swift */,
			);
			path = extensions;
			sourceTree = "<group>";
		};
		9ADA0D42273A0F830014762C = {
			isa = PBXGroup;
			children = (
				9ADA0D4D273A0F840014762C /* iSpace */,
				9ADA0D4C273A0F840014762C /* Products */,
			);
			sourceTree = "<group>";
		};
		9ADA0D4C273A0F840014762C /* Products */ = {
			isa = PBXGroup;
			children = (
				9ADA0D4B273A0F840014762C /* iSpace.app */,
			);
			name = Products;
			sourceTree = "<group>";
		};
		9ADA0D4D273A0F840014762C /* iSpace */ = {
			isa = PBXGroup;
			children = (
				9A06AC3F273B560B00F9A0CE /* extensions */,
				9A06AC3B273B4EA900F9A0CE /* constants */,
				9A06AC3A273B4EA200F9A0CE /* modules */,
				9A06AC36273B4A3400F9A0CE /* assets */,
				9A06AC35273B4A1F00F9A0CE /* Info.plist */,
				9ADA0D4E273A0F840014762C /* iSpaceApp.swift */,
				9ADA0D50273A0F840014762C /* ContentView.swift */,
				9ADA0D52273A0F870014762C /* Assets.xcassets */,
				9ADA0D54273A0F870014762C /* Preview Content */,
			);
			path = iSpace;
			sourceTree = "<group>";
		};
		9ADA0D54273A0F870014762C /* Preview Content */ = {
			isa = PBXGroup;
			children = (
				9ADA0D55273A0F870014762C /* Preview Assets.xcassets */,
			);
			path = "Preview Content";
			sourceTree = "<group>";
		};
/* End PBXGroup section */

/* Begin PBXNativeTarget section */
		9ADA0D4A273A0F830014762C /* iSpace */ = {
			isa = PBXNativeTarget;
			buildConfigurationList = 9ADA0D59273A0F870014762C /* Build configuration list for PBXNativeTarget "iSpace" */;
			buildPhases = (
				9ADA0D47273A0F830014762C /* Sources */,
				9ADA0D48273A0F830014762C /* Frameworks */,
				9ADA0D49273A0F830014762C /* Resources */,
			);
			buildRules = (
			);
			dependencies = (
			);
			name = iSpace;
			productName = iSpace;
			productReference = 9ADA0D4B273A0F840014762C /* iSpace.app */;
			productType = "com.apple.product-type.application";
		};
/* End PBXNativeTarget section */

/* Begin PBXProject section */
		9ADA0D43273A0F830014762C /* Project object */ = {
			isa = PBXProject;
			attributes = {
				BuildIndependentTargetsInParallel = 1;
				LastSwiftUpdateCheck = 1310;
				LastUpgradeCheck = 1310;
				TargetAttributes = {
					9ADA0D4A273A0F830014762C = {
						CreatedOnToolsVersion = 13.1;
					};
				};
			};
			buildConfigurationList = 9ADA0D46273A0F830014762C /* Build configuration list for PBXProject "iSpace" */;
			compatibilityVersion = "Xcode 13.0";
			developmentRegion = en;
			hasScannedForEncodings = 0;
			knownRegions = (
				en,
				Base,
			);
			mainGroup = 9ADA0D42273A0F830014762C;
			productRefGroup = 9ADA0D4C273A0F840014762C /* Products */;
			projectDirPath = "";
			projectRoot = "";
			targets = (
				9ADA0D4A273A0F830014762C /* iSpace */,
			);
		};
/* End PBXProject section */

/* Begin PBXResourcesBuildPhase section */
		9ADA0D49273A0F830014762C /* Resources */ = {
			isa = PBXResourcesBuildPhase;
			buildActionMask = 2147483647;
			files = (
				9A06AC6B273B57CD00F9A0CE /* OpenSans-Medium.ttf in Resources */,
				9A06AC68273B57CD00F9A0CE /* OpenSans-SemiBoldItalic.ttf in Resources */,
				9ADA0D56273A0F870014762C /* Preview Assets.xcassets in Resources */,
				9A06AC6F273B57CD00F9A0CE /* OpenSans-MediumItalic.ttf in Resources */,
				9A06AC71273B57CD00F9A0CE /* OpenSans-Italic.ttf in Resources */,
				9A06AC6A273B57CD00F9A0CE /* OpenSans-Bold.ttf in Resources */,
				9A06AC6C273B57CD00F9A0CE /* OpenSans-SemiBold.ttf in Resources */,
				9A06AC39273B4A5A00F9A0CE /* boxicons.ttf in Resources */,
				9A06AC69273B57CD00F9A0CE /* OpenSans-Light.ttf in Resources */,
				9A06AC6E273B57CD00F9A0CE /* OpenSans-ExtraBoldItalic.ttf in Resources */,
				9A06AC73273B57CD00F9A0CE /* OpenSans-Regular.ttf in Resources */,
				9A06AC72273B57CD00F9A0CE /* OpenSans-BoldItalic.ttf in Resources */,
				9ADA0D53273A0F870014762C /* Assets.xcassets in Resources */,
				9A06AC6D273B57CD00F9A0CE /* OpenSans-LightItalic.ttf in Resources */,
				9A06AC70273B57CD00F9A0CE /* OpenSans-ExtraBold.ttf in Resources */,
			);
			runOnlyForDeploymentPostprocessing = 0;
		};
/* End PBXResourcesBuildPhase section */

/* Begin PBXSourcesBuildPhase section */
		9ADA0D47273A0F830014762C /* Sources */ = {
			isa = PBXSourcesBuildPhase;
			buildActionMask = 2147483647;
			files = (
				9A06AC43273B568F00F9A0CE /* Font.swift in Sources */,
				9ADA0D51273A0F840014762C /* ContentView.swift in Sources */,
				9ADA0D4F273A0F840014762C /* iSpaceApp.swift in Sources */,
				9A06AC3D273B4EC700F9A0CE /* BoxIcons.swift in Sources */,
			);
			runOnlyForDeploymentPostprocessing = 0;
		};
/* End PBXSourcesBuildPhase section */

/* Begin XCBuildConfiguration section */
		9ADA0D57273A0F870014762C /* Debug */ = {
			isa = XCBuildConfiguration;
			buildSettings = {
				ALWAYS_SEARCH_USER_PATHS = NO;
				CLANG_ANALYZER_NONNULL = YES;
				CLANG_ANALYZER_NUMBER_OBJECT_CONVERSION = YES_AGGRESSIVE;
				CLANG_CXX_LANGUAGE_STANDARD = "gnu++17";
				CLANG_CXX_LIBRARY = "libc++";
				CLANG_ENABLE_MODULES = YES;
				CLANG_ENABLE_OBJC_ARC = YES;
				CLANG_ENABLE_OBJC_WEAK = YES;
				CLANG_WARN_BLOCK_CAPTURE_AUTORELEASING = YES;
				CLANG_WARN_BOOL_CONVERSION = YES;
				CLANG_WARN_COMMA = YES;
				CLANG_WARN_CONSTANT_CONVERSION = YES;
				CLANG_WARN_DEPRECATED_OBJC_IMPLEMENTATIONS = YES;
				CLANG_WARN_DIRECT_OBJC_ISA_USAGE = YES_ERROR;
				CLANG_WARN_DOCUMENTATION_COMMENTS = YES;
				CLANG_WARN_EMPTY_BODY = YES;
				CLANG_WARN_ENUM_CONVERSION = YES;
				CLANG_WARN_INFINITE_RECURSION = YES;
				CLANG_WARN_INT_CONVERSION = YES;
				CLANG_WARN_NON_LITERAL_NULL_CONVERSION = YES;
				CLANG_WARN_OBJC_IMPLICIT_RETAIN_SELF = YES;
				CLANG_WARN_OBJC_LITERAL_CONVERSION = YES;
				CLANG_WARN_OBJC_ROOT_CLASS = YES_ERROR;
				CLANG_WARN_QUOTED_INCLUDE_IN_FRAMEWORK_HEADER = YES;
				CLANG_WARN_RANGE_LOOP_ANALYSIS = YES;
				CLANG_WARN_STRICT_PROTOTYPES = YES;
				CLANG_WARN_SUSPICIOUS_MOVE = YES;
				CLANG_WARN_UNGUARDED_AVAILABILITY = YES_AGGRESSIVE;
				CLANG_WARN_UNREACHABLE_CODE = YES;
				CLANG_WARN__DUPLICATE_METHOD_MATCH = YES;
				COPY_PHASE_STRIP = NO;
				DEBUG_INFORMATION_FORMAT = dwarf;
				ENABLE_STRICT_OBJC_MSGSEND = YES;
				ENABLE_TESTABILITY = YES;
				GCC_C_LANGUAGE_STANDARD = gnu11;
				GCC_DYNAMIC_NO_PIC = NO;
				GCC_NO_COMMON_BLOCKS = YES;
				GCC_OPTIMIZATION_LEVEL = 0;
				GCC_PREPROCESSOR_DEFINITIONS = (
					"DEBUG=1",
					"$(inherited)",
				);
				GCC_WARN_64_TO_32_BIT_CONVERSION = YES;
				GCC_WARN_ABOUT_RETURN_TYPE = YES_ERROR;
				GCC_WARN_UNDECLARED_SELECTOR = YES;
				GCC_WARN_UNINITIALIZED_AUTOS = YES_AGGRESSIVE;
				GCC_WARN_UNUSED_FUNCTION = YES;
				GCC_WARN_UNUSED_VARIABLE = YES;
				IPHONEOS_DEPLOYMENT_TARGET = 15.0;
				MTL_ENABLE_DEBUG_INFO = INCLUDE_SOURCE;
				MTL_FAST_MATH = YES;
				ONLY_ACTIVE_ARCH = YES;
				SDKROOT = iphoneos;
				SWIFT_ACTIVE_COMPILATION_CONDITIONS = DEBUG;
				SWIFT_OPTIMIZATION_LEVEL = "-Onone";
			};
			name = Debug;
		};
		9ADA0D58273A0F870014762C /* Release */ = {
			isa = XCBuildConfiguration;
			buildSettings = {
				ALWAYS_SEARCH_USER_PATHS = NO;
				CLANG_ANALYZER_NONNULL = YES;
				CLANG_ANALYZER_NUMBER_OBJECT_CONVERSION = YES_AGGRESSIVE;
				CLANG_CXX_LANGUAGE_STANDARD = "gnu++17";
				CLANG_CXX_LIBRARY = "libc++";
				CLANG_ENABLE_MODULES = YES;
				CLANG_ENABLE_OBJC_ARC = YES;
				CLANG_ENABLE_OBJC_WEAK = YES;
				CLANG_WARN_BLOCK_CAPTURE_AUTORELEASING = YES;
				CLANG_WARN_BOOL_CONVERSION = YES;
				CLANG_WARN_COMMA = YES;
				CLANG_WARN_CONSTANT_CONVERSION = YES;
				CLANG_WARN_DEPRECATED_OBJC_IMPLEMENTATIONS = YES;
				CLANG_WARN_DIRECT_OBJC_ISA_USAGE = YES_ERROR;
				CLANG_WARN_DOCUMENTATION_COMMENTS = YES;
				CLANG_WARN_EMPTY_BODY = YES;
				CLANG_WARN_ENUM_CONVERSION = YES;
				CLANG_WARN_INFINITE_RECURSION = YES;
				CLANG_WARN_INT_CONVERSION = YES;
				CLANG_WARN_NON_LITERAL_NULL_CONVERSION = YES;
				CLANG_WARN_OBJC_IMPLICIT_RETAIN_SELF = YES;
				CLANG_WARN_OBJC_LITERAL_CONVERSION = YES;
				CLANG_WARN_OBJC_ROOT_CLASS = YES_ERROR;
				CLANG_WARN_QUOTED_INCLUDE_IN_FRAMEWORK_HEADER = YES;
				CLANG_WARN_RANGE_LOOP_ANALYSIS = YES;
				CLANG_WARN_STRICT_PROTOTYPES = YES;
				CLANG_WARN_SUSPICIOUS_MOVE = YES;
				CLANG_WARN_UNGUARDED_AVAILABILITY = YES_AGGRESSIVE;
				CLANG_WARN_UNREACHABLE_CODE = YES;
				CLANG_WARN__DUPLICATE_METHOD_MATCH = YES;
				COPY_PHASE_STRIP = NO;
				DEBUG_INFORMATION_FORMAT = "dwarf-with-dsym";
				ENABLE_NS_ASSERTIONS = NO;
				ENABLE_STRICT_OBJC_MSGSEND = YES;
				GCC_C_LANGUAGE_STANDARD = gnu11;
				GCC_NO_COMMON_BLOCKS = YES;
				GCC_WARN_64_TO_32_BIT_CONVERSION = YES;
				GCC_WARN_ABOUT_RETURN_TYPE = YES_ERROR;
				GCC_WARN_UNDECLARED_SELECTOR = YES;
				GCC_WARN_UNINITIALIZED_AUTOS = YES_AGGRESSIVE;
				GCC_WARN_UNUSED_FUNCTION = YES;
				GCC_WARN_UNUSED_VARIABLE = YES;
				IPHONEOS_DEPLOYMENT_TARGET = 15.0;
				MTL_ENABLE_DEBUG_INFO = NO;
				MTL_FAST_MATH = YES;
				SDKROOT = iphoneos;
				SWIFT_COMPILATION_MODE = wholemodule;
				SWIFT_OPTIMIZATION_LEVEL = "-O";
				VALIDATE_PRODUCT = YES;
			};
			name = Release;
		};
		9ADA0D5A273A0F870014762C /* Debug */ = {
			isa = XCBuildConfiguration;
			buildSettings = {
				ASSETCATALOG_COMPILER_APPICON_NAME = AppIcon;
				ASSETCATALOG_COMPILER_GLOBAL_ACCENT_COLOR_NAME = AccentColor;
				CODE_SIGN_STYLE = Automatic;
				CURRENT_PROJECT_VERSION = 1;
				DEVELOPMENT_ASSET_PATHS = "\"iSpace/Preview Content\"";
				DEVELOPMENT_TEAM = 4G9UQ8D789;
				ENABLE_PREVIEWS = YES;
				GENERATE_INFOPLIST_FILE = YES;
				INFOPLIST_FILE = iSpace/Info.plist;
				INFOPLIST_KEY_UIApplicationSceneManifest_Generation = YES;
				INFOPLIST_KEY_UIApplicationSupportsIndirectInputEvents = YES;
				INFOPLIST_KEY_UILaunchScreen_Generation = YES;
				INFOPLIST_KEY_UISupportedInterfaceOrientations_iPad = "UIInterfaceOrientationPortrait UIInterfaceOrientationPortraitUpsideDown UIInterfaceOrientationLandscapeLeft UIInterfaceOrientationLandscapeRight";
				INFOPLIST_KEY_UISupportedInterfaceOrientations_iPhone = "UIInterfaceOrientationPortrait UIInterfaceOrientationLandscapeLeft UIInterfaceOrientationLandscapeRight";
				LD_RUNPATH_SEARCH_PATHS = (
					"$(inherited)",
					"@executable_path/Frameworks",
				);
				MARKETING_VERSION = 1.0;
				PRODUCT_BUNDLE_IDENTIFIER = io.victorcastro.iSpace;
				PRODUCT_NAME = "$(TARGET_NAME)";
				SWIFT_EMIT_LOC_STRINGS = YES;
				SWIFT_VERSION = 5.0;
				TARGETED_DEVICE_FAMILY = "1,2";
			};
			name = Debug;
		};
		9ADA0D5B273A0F870014762C /* Release */ = {
			isa = XCBuildConfiguration;
			buildSettings = {
				ASSETCATALOG_COMPILER_APPICON_NAME = AppIcon;
				ASSETCATALOG_COMPILER_GLOBAL_ACCENT_COLOR_NAME = AccentColor;
				CODE_SIGN_STYLE = Automatic;
				CURRENT_PROJECT_VERSION = 1;
				DEVELOPMENT_ASSET_PATHS = "\"iSpace/Preview Content\"";
				DEVELOPMENT_TEAM = 4G9UQ8D789;
				ENABLE_PREVIEWS = YES;
				GENERATE_INFOPLIST_FILE = YES;
				INFOPLIST_FILE = iSpace/Info.plist;
				INFOPLIST_KEY_UIApplicationSceneManifest_Generation = YES;
				INFOPLIST_KEY_UIApplicationSupportsIndirectInputEvents = YES;
				INFOPLIST_KEY_UILaunchScreen_Generation = YES;
				INFOPLIST_KEY_UISupportedInterfaceOrientations_iPad = "UIInterfaceOrientationPortrait UIInterfaceOrientationPortraitUpsideDown UIInterfaceOrientationLandscapeLeft UIInterfaceOrientationLandscapeRight";
				INFOPLIST_KEY_UISupportedInterfaceOrientations_iPhone = "UIInterfaceOrientationPortrait UIInterfaceOrientationLandscapeLeft UIInterfaceOrientationLandscapeRight";
				LD_RUNPATH_SEARCH_PATHS = (
					"$(inherited)",
					"@executable_path/Frameworks",
				);
				MARKETING_VERSION = 1.0;
				PRODUCT_BUNDLE_IDENTIFIER = io.victorcastro.iSpace;
				PRODUCT_NAME = "$(TARGET_NAME)";
				SWIFT_EMIT_LOC_STRINGS = YES;
				SWIFT_VERSION = 5.0;
				TARGETED_DEVICE_FAMILY = "1,2";
			};
			name = Release;
		};
/* End XCBuildConfiguration section */

/* Begin XCConfigurationList section */
		9ADA0D46273A0F830014762C /* Build configuration list for PBXProject "iSpace" */ = {
			isa = XCConfigurationList;
			buildConfigurations = (
				9ADA0D57273A0F870014762C /* Debug */,
				9ADA0D58273A0F870014762C /* Release */,
			);
			defaultConfigurationIsVisible = 0;
			defaultConfigurationName = Release;
		};
		9ADA0D59273A0F870014762C /* Build configuration list for PBXNativeTarget "iSpace" */ = {
			isa = XCConfigurationList;
			buildConfigurations = (
				9ADA0D5A273A0F870014762C /* Debug */,
				9ADA0D5B273A0F870014762C /* Release */,
			);
			defaultConfigurationIsVisible = 0;
			defaultConfigurationName = Release;
		};
/* End XCConfigurationList section */
	};
	rootObject = 9ADA0D43273A0F830014762C /* Project object */;
}
